
Microsoft Visual Studio Solution File, Format Version 12.00
# Visual Studio Version 16
VisualStudioVersion = 16.0.32106.194
MinimumVisualStudioVersion = 10.0.40219.1
Project("{FAE04EC0-301F-11D3-BF4B-00C04F79EFBC}") = "TesteLogica", "TesteLogica\TesteLogica.csproj", "{4BA3EED8-EC85-4687-A404-7EDEDFBD641F}"
EndProject
Project("{FAE04EC0-301F-11D3-BF4B-00C04F79EFBC}") = "TesteLogica.Engine", "TesteLogica.Engine\TesteLogica.Engine.csproj", "{1C3A2789-B2E7-425E-A1FC-2C86C018B209}"
EndProject
Global
	GlobalSection(SolutionConfigurationPlatforms) = preSolution
		Debug|Any CPU = Debug|Any CPU
		Release|Any CPU = Release|Any CPU
	EndGlobalSection
	GlobalSection(ProjectConfigurationPlatforms) = postSolution
		{4BA3EED8-EC85-4687-A404-7EDEDFBD641F}.Debug|Any CPU.ActiveCfg = Debug|Any CPU
		{4BA3EED8-EC85-4687-A404-7EDEDFBD641F}.Debug|Any CPU.Build.0 = Debug|Any CPU
		{4BA3EED8-EC85-4687-A404-7EDEDFBD641F}.Release|Any CPU.ActiveCfg = Release|Any CPU
		{4BA3EED8-EC85-4687-A404-7EDEDFBD641F}.Release|Any CPU.Build.0 = Release|Any CPU
		{1C3A2789-B2E7-425E-A1FC-2C86C018B209}.Debug|Any CPU.ActiveCfg = Debug|Any CPU
		{1C3A2789-B2E7-425E-A1FC-2C86C018B209}.Debug|Any CPU.Build.0 = Debug|Any CPU
		{1C3A2789-B2E7-425E-A1FC-2C86C018B209}.Release|Any CPU.ActiveCfg = Release|Any CPU
		{1C3A2789-B2E7-425E-A1FC-2C86C018B209}.Release|Any CPU.Build.0 = Release|Any CPU
	EndGlobalSection
	GlobalSection(SolutionProperties) = preSolution
		HideSolutionNode = FALSE
	EndGlobalSection
	GlobalSection(ExtensibilityGlobals) = postSolution
		SolutionGuid = {F192C7DA-C885-43DE-992A-D3D5E8FEFFFF}
	EndGlobalSection
EndGlobal
